cloud.google.com/go v0.33.0 h1:1kNZapR5iXMPsPEca6Rqg+EN4/8/ZukNjMdwNQEllWk=
cloud.google.com/go v0.33.0/go.mod h1:aQUYkXzVsufM+DwF1aE+0xfcU+56JwCaLick0ClmMTw=
github.com/DATA-DOG/go-sqlmock v1.3.0 h1:ljjRxlddjfChBJdFKJs5LuCwCWPLaC1UZLwAo3PBBMk=
github.com/DATA-DOG/go-sqlmock v1.3.0/go.mod h1:f/Ixk793poVmq4qj/V1dPUg2JEAKC73Q5eFN3EC/SaM=
github.com/apcera/termtables v0.0.0-20170405184538-bcbc5dc54055 h1:IkPAzP+QjchKXXFX6LCcpDKa89b/e/0gPCUbQGWtUUY=
github.com/apcera/termtables v0.0.0-20170405184538-bcbc5dc54055/go.mod h1:8mHYHlOef9UC51cK1/WRvE/iQVM8O8QlYFa8eh8r5I8=
github.com/bclicn/color v0.0.0-20180711051946-108f2023dc84 h1:cutFptzj+ospnc1PETUqcSVTH3VQ44Bi0rpt3nE9gvo=
github.com/bclicn/color v0.0.0-20180711051946-108f2023dc84/go.mod h1:Va9ap1qxjAWkIVaW1E9rH0aNgE8SDI5A4n8Ds8P0fAA=
github.com/denisenkom/go-mssqldb v0.0.0-20181014144952-4e0d7dc8888f h1:WH0w/R4Yoey+04HhFxqZ6VX6I0d7RMyw5aXQ9UTvQPs=
github.com/denisenkom/go-mssqldb v0.0.0-20181014144952-4e0d7dc8888f/go.mod h1:xN/JuLBIz4bjkxNmByTiV1IbhfnYb6oo99phBn4Eqhc=
github.com/google/go-cmp v0.4.0 h1:xsAVV57WRhGj6kEIi8ReJzQlHHqcBYCElAvkovg3B/4=
github.com/google/go-cmp v0.4.0/go.mod h1:v8dTdLbMG2kIc/vJvl+f65V22dbkXbowE6jgT/gNBxE=
github.com/inconshreveable/mousetrap v1.0.0 h1:Z8tu5sraLXCXIcARxBp/8cbvlwVa7Z1NHg9XEKhtSvM=
github.com/inconshreveable/mousetrap v1.0.0/go.mod h1:PxqpIevigyE2G7u3NXJIT2ANytuPF1OarO4DADm73n8=
github.com/jezman/libgorion v0.1.0 h1:ByxG9HEexbm8F5ivao4TkBQGjPOzRxHgAqUU1Zmq4dw=
github.com/jezman/libgorion v0.1.0/go.mod h1:679vGOo/ES/MxA6qMvYf2oTgU0WQ+klVVb1viVQVwzA=
github.com/jezman/libgorion v0.1.1 h1:Fb2wS1DldVMFC2OHnvbEKb3kQokKLrxgChzGZW3iSWA=
github.com/jezman/libgorion v0.1.1/go.mod h1:PqCXqlJJzalgSi2MsUgPVYqUkplMb7dPf/LuABK2qIQ=
github.com/jezman/libgorion v0.1.2 h1:ZkFQy1Rv3MPy2qdbvIzuU9z1FE5KSXNPVi/lX2gzmE8=
github.com/jezman/libgorion v0.1.2/go.mod h1:PqCXqlJJzalgSi2MsUgPVYqUkplMb7dPf/LuABK2qIQ=
github.com/jezman/libgorion v0.1.3 h1:ziEZV56JY+hBxSZe/rgsI/SlqIJrAVgqC6iMT5gjSjI=
github.com/jezman/libgorion v0.1.3/go.mod h1:PqCXqlJJzalgSi2MsUgPVYqUkplMb7dPf/LuABK2qIQ=
github.com/jezman/libgorion v0.1.4 h1:fWTM8VdTRckF0gVstxclo+YQFQkxi0jX7NdbopiQJzk=
github.com/jezman/libgorion v0.1.4/go.mod h1:PqCXqlJJzalgSi2MsUgPVYqUkplMb7dPf/LuABK2qIQ=
github.com/jezman/libgorion v0.1.5 h1:gIsY3+RtPPpdPcbUehZHLXYNpQl1AnlN6bgZBzWwlUE=
github.com/jezman/libgorion v0.1.5/go.mod h1:PqCXqlJJzalgSi2MsUgPVYqUkplMb7dPf/LuABK2qIQ=
github.com/mattn/go-runewidth v0.0.3 h1:a+kO+98RDGEfo6asOGMmpodZq4FNtnGP54yps8BzLR4=
github.com/mattn/go-runewidth v0.0.3/go.mod h1:LwmH8dsx7+W8Uxz3IHJYH5QSwggIsqBzpuz5H//U1FU=
github.com/scylladb/termtables v1.0.0 h1:uUnesUY4V1VPCotpOQLb1LjTXVvzwy7Ramx8K8+w+8U=
github.com/scylladb/termtables v1.0.0/go.mod h1:C1a7PQSMz9NShzorzCiG2fk9+xuCgLkPeCvMHYR2OWg=
github.com/spf13/cobra v0.0.3 h1:ZlrZ4XsMRm04Fr5pSFxBgfND2EBVa1nLpiy1stUsX/8=
github.com/spf13/cobra v0.0.3/go.mod h1:1l0Ry5zgKvJasoi3XT1TypsSe7PqH0Sj9dhYf7v3XqQ=
github.com/spf13/pflag v1.0.3 h1:zPAT6CGy6wXeQ7NtTnaTerfKOsV6V6F8agHXFiazDkg=
github.com/spf13/pflag v1.0.3/go.mod h1:DYY7MBk1bdzusC3SYhjObp+wFpr4gzcvqqNjLnInEg4=
golang.org/x/crypto v0.0.0-20181112202954-3d3f9f413869 h1:kkXA53yGe04D0adEYJwEVQjeBppL01Exg+fnMjfUraU=
golang.org/x/crypto v0.0.0-20181112202954-3d3f9f413869/go.mod h1:6SG95UA2DQfeDnfUPMdvaQW0Q7yPrPDi9nlGo2tz2b4=
golang.org/x/xerrors v0.0.0-20191204190536-9bdfabe68543 h1:E7g+9GITq07hpfrRu66IVDexMakfv52eLZ2CXBWiKr4=
golang.org/x/xerrors v0.0.0-20191204190536-9bdfabe68543/go.mod h1:I/5z698sn9Ka8TeJc9MKroUUfqBBauWjQqLJ2OPfmY0=
